
Microsoft Visual Studio Solution File, Format Version 12.00
# Visual Studio Version 17
VisualStudioVersion = 17.3.32819.101
MinimumVisualStudioVersion = 10.0.40219.1
Project("{FAE04EC0-301F-11D3-BF4B-00C04F79EFBC}") = "04. SoftUni Parking", "..\..\Seventh Exercise\04. SoftUni Parking\04. SoftUni Parking.csproj", "{286B193B-895C-4B5A-86B6-A517988EFDD9}"
EndProject
Global
	GlobalSection(SolutionConfigurationPlatforms) = preSolution
		Debug|Any CPU = Debug|Any CPU
		Release|Any CPU = Release|Any CPU
	EndGlobalSection
	GlobalSection(ProjectConfigurationPlatforms) = postSolution
		{286B193B-895C-4B5A-86B6-A517988EFDD9}.Debug|Any CPU.ActiveCfg = Debug|Any CPU
		{286B193B-895C-4B5A-86B6-A517988EFDD9}.Debug|Any CPU.Build.0 = Debug|Any CPU
		{286B193B-895C-4B5A-86B6-A517988EFDD9}.Release|Any CPU.ActiveCfg = Release|Any CPU
		{286B193B-895C-4B5A-86B6-A517988EFDD9}.Release|Any CPU.Build.0 = Release|Any CPU
	EndGlobalSection
	GlobalSection(SolutionProperties) = preSolution
		HideSolutionNode = FALSE
	EndGlobalSection
	GlobalSection(ExtensibilityGlobals) = postSolution
		SolutionGuid = {109B37AF-277E-4975-B6CF-882BFF1C0971}
	EndGlobalSection
EndGlobal
