
Microsoft Visual Studio Solution File, Format Version 12.00
# Visual Studio Version 17
VisualStudioVersion = 17.3.32819.101
MinimumVisualStudioVersion = 10.0.40219.1
Project("{FAE04EC0-301F-11D3-BF4B-00C04F79EFBC}") = "04. List Operations", "..\..\Five Exercises\04. List Operations\04. List Operations.csproj", "{FDFC7CC2-A699-446E-BC07-FF2BC1B2008D}"
EndProject
Global
	GlobalSection(SolutionConfigurationPlatforms) = preSolution
		Debug|Any CPU = Debug|Any CPU
		Release|Any CPU = Release|Any CPU
	EndGlobalSection
	GlobalSection(ProjectConfigurationPlatforms) = postSolution
		{FDFC7CC2-A699-446E-BC07-FF2BC1B2008D}.Debug|Any CPU.ActiveCfg = Debug|Any CPU
		{FDFC7CC2-A699-446E-BC07-FF2BC1B2008D}.Debug|Any CPU.Build.0 = Debug|Any CPU
		{FDFC7CC2-A699-446E-BC07-FF2BC1B2008D}.Release|Any CPU.ActiveCfg = Release|Any CPU
		{FDFC7CC2-A699-446E-BC07-FF2BC1B2008D}.Release|Any CPU.Build.0 = Release|Any CPU
	EndGlobalSection
	GlobalSection(SolutionProperties) = preSolution
		HideSolutionNode = FALSE
	EndGlobalSection
	GlobalSection(ExtensibilityGlobals) = postSolution
		SolutionGuid = {1EC7E0A2-F85A-495A-9F03-3CC84E037D31}
	EndGlobalSection
EndGlobal
