
Microsoft Visual Studio Solution File, Format Version 12.00
# Visual Studio Version 17
VisualStudioVersion = 17.3.32819.101
MinimumVisualStudioVersion = 10.0.40219.1
Project("{9A19103F-16F7-4668-BE54-9A1E7A4F7556}") = "06. Student Academy", "06. Student Academy.csproj", "{B2944E7E-15CC-499D-9A90-6B69499B418F}"
EndProject
Global
	GlobalSection(SolutionConfigurationPlatforms) = preSolution
		Debug|Any CPU = Debug|Any CPU
		Release|Any CPU = Release|Any CPU
	EndGlobalSection
	GlobalSection(ProjectConfigurationPlatforms) = postSolution
		{B2944E7E-15CC-499D-9A90-6B69499B418F}.Debug|Any CPU.ActiveCfg = Debug|Any CPU
		{B2944E7E-15CC-499D-9A90-6B69499B418F}.Debug|Any CPU.Build.0 = Debug|Any CPU
		{B2944E7E-15CC-499D-9A90-6B69499B418F}.Release|Any CPU.ActiveCfg = Release|Any CPU
		{B2944E7E-15CC-499D-9A90-6B69499B418F}.Release|Any CPU.Build.0 = Release|Any CPU
	EndGlobalSection
	GlobalSection(SolutionProperties) = preSolution
		HideSolutionNode = FALSE
	EndGlobalSection
	GlobalSection(ExtensibilityGlobals) = postSolution
		SolutionGuid = {85C6016C-4979-4206-8B8F-34D9400716CE}
	EndGlobalSection
EndGlobal
