
Microsoft Visual Studio Solution File, Format Version 12.00
# Visual Studio Version 17
VisualStudioVersion = 17.3.32819.101
MinimumVisualStudioVersion = 10.0.40219.1
Project("{9A19103F-16F7-4668-BE54-9A1E7A4F7556}") = "05. Courses", "05. Courses.csproj", "{5CD83765-6A70-457D-901F-70C0F7DE49BE}"
EndProject
Project("{FAE04EC0-301F-11D3-BF4B-00C04F79EFBC}") = "06. Student Academy", "..\06. Student Academy\06. Student Academy.csproj", "{0B303B51-142C-4C24-A44A-E32869273D13}"
EndProject
Global
	GlobalSection(SolutionConfigurationPlatforms) = preSolution
		Debug|Any CPU = Debug|Any CPU
		Release|Any CPU = Release|Any CPU
	EndGlobalSection
	GlobalSection(ProjectConfigurationPlatforms) = postSolution
		{5CD83765-6A70-457D-901F-70C0F7DE49BE}.Debug|Any CPU.ActiveCfg = Debug|Any CPU
		{5CD83765-6A70-457D-901F-70C0F7DE49BE}.Debug|Any CPU.Build.0 = Debug|Any CPU
		{5CD83765-6A70-457D-901F-70C0F7DE49BE}.Release|Any CPU.ActiveCfg = Release|Any CPU
		{5CD83765-6A70-457D-901F-70C0F7DE49BE}.Release|Any CPU.Build.0 = Release|Any CPU
		{0B303B51-142C-4C24-A44A-E32869273D13}.Debug|Any CPU.ActiveCfg = Debug|Any CPU
		{0B303B51-142C-4C24-A44A-E32869273D13}.Debug|Any CPU.Build.0 = Debug|Any CPU
		{0B303B51-142C-4C24-A44A-E32869273D13}.Release|Any CPU.ActiveCfg = Release|Any CPU
		{0B303B51-142C-4C24-A44A-E32869273D13}.Release|Any CPU.Build.0 = Release|Any CPU
	EndGlobalSection
	GlobalSection(SolutionProperties) = preSolution
		HideSolutionNode = FALSE
	EndGlobalSection
	GlobalSection(ExtensibilityGlobals) = postSolution
		SolutionGuid = {3DB9EAFF-B8A3-4F7A-8536-BB07B147A48B}
	EndGlobalSection
EndGlobal
