
Microsoft Visual Studio Solution File, Format Version 12.00
# Visual Studio Version 17
VisualStudioVersion = 17.3.32819.101
MinimumVisualStudioVersion = 10.0.40219.1
Project("{FAE04EC0-301F-11D3-BF4B-00C04F79EFBC}") = "03. Need for Speed III", "..\03. Need for Speed III\03. Need for Speed III.csproj", "{FA283403-3888-4670-8EDF-9F6D3F2ABD4F}"
EndProject
Global
	GlobalSection(SolutionConfigurationPlatforms) = preSolution
		Debug|Any CPU = Debug|Any CPU
		Release|Any CPU = Release|Any CPU
	EndGlobalSection
	GlobalSection(ProjectConfigurationPlatforms) = postSolution
		{FA283403-3888-4670-8EDF-9F6D3F2ABD4F}.Debug|Any CPU.ActiveCfg = Debug|Any CPU
		{FA283403-3888-4670-8EDF-9F6D3F2ABD4F}.Debug|Any CPU.Build.0 = Debug|Any CPU
		{FA283403-3888-4670-8EDF-9F6D3F2ABD4F}.Release|Any CPU.ActiveCfg = Release|Any CPU
		{FA283403-3888-4670-8EDF-9F6D3F2ABD4F}.Release|Any CPU.Build.0 = Release|Any CPU
	EndGlobalSection
	GlobalSection(SolutionProperties) = preSolution
		HideSolutionNode = FALSE
	EndGlobalSection
	GlobalSection(ExtensibilityGlobals) = postSolution
		SolutionGuid = {E383D6A1-A1A5-411C-86AD-1928BF7DADC0}
	EndGlobalSection
EndGlobal
