
Microsoft Visual Studio Solution File, Format Version 12.00
# Visual Studio Version 17
VisualStudioVersion = 17.3.32819.101
MinimumVisualStudioVersion = 10.0.40219.1
Project("{FAE04EC0-301F-11D3-BF4B-00C04F79EFBC}") = "11. Math operations", "..\11. Math operations\11. Math operations.csproj", "{FABD8C18-AB99-4541-B22D-578C427C893E}"
EndProject
Global
	GlobalSection(SolutionConfigurationPlatforms) = preSolution
		Debug|Any CPU = Debug|Any CPU
		Release|Any CPU = Release|Any CPU
	EndGlobalSection
	GlobalSection(ProjectConfigurationPlatforms) = postSolution
		{FABD8C18-AB99-4541-B22D-578C427C893E}.Debug|Any CPU.ActiveCfg = Debug|Any CPU
		{FABD8C18-AB99-4541-B22D-578C427C893E}.Debug|Any CPU.Build.0 = Debug|Any CPU
		{FABD8C18-AB99-4541-B22D-578C427C893E}.Release|Any CPU.ActiveCfg = Release|Any CPU
		{FABD8C18-AB99-4541-B22D-578C427C893E}.Release|Any CPU.Build.0 = Release|Any CPU
	EndGlobalSection
	GlobalSection(SolutionProperties) = preSolution
		HideSolutionNode = FALSE
	EndGlobalSection
	GlobalSection(ExtensibilityGlobals) = postSolution
		SolutionGuid = {FE455C4D-493D-499D-8178-B451CE4D1C7B}
	EndGlobalSection
EndGlobal
