
Microsoft Visual Studio Solution File, Format Version 12.00
# Visual Studio Version 17
VisualStudioVersion = 17.3.32819.101
MinimumVisualStudioVersion = 10.0.40219.1
Project("{FAE04EC0-301F-11D3-BF4B-00C04F79EFBC}") = "05. Teamwork Projects", "..\05. Teamwork Projects\05. Teamwork Projects.csproj", "{2B456D53-7A8B-4927-AFAA-D257CCB74644}"
EndProject
Global
	GlobalSection(SolutionConfigurationPlatforms) = preSolution
		Debug|Any CPU = Debug|Any CPU
		Release|Any CPU = Release|Any CPU
	EndGlobalSection
	GlobalSection(ProjectConfigurationPlatforms) = postSolution
		{2B456D53-7A8B-4927-AFAA-D257CCB74644}.Debug|Any CPU.ActiveCfg = Debug|Any CPU
		{2B456D53-7A8B-4927-AFAA-D257CCB74644}.Debug|Any CPU.Build.0 = Debug|Any CPU
		{2B456D53-7A8B-4927-AFAA-D257CCB74644}.Release|Any CPU.ActiveCfg = Release|Any CPU
		{2B456D53-7A8B-4927-AFAA-D257CCB74644}.Release|Any CPU.Build.0 = Release|Any CPU
	EndGlobalSection
	GlobalSection(SolutionProperties) = preSolution
		HideSolutionNode = FALSE
	EndGlobalSection
	GlobalSection(ExtensibilityGlobals) = postSolution
		SolutionGuid = {6CAAB4A0-B4C3-4D66-B38D-7B5B6F0CB2D7}
	EndGlobalSection
EndGlobal
