
Microsoft Visual Studio Solution File, Format Version 12.00
# Visual Studio Version 17
VisualStudioVersion = 17.3.32819.101
MinimumVisualStudioVersion = 10.0.40219.1
Project("{9A19103F-16F7-4668-BE54-9A1E7A4F7556}") = "Official Exam", "Official Exam\Official Exam.csproj", "{420CEEE7-D782-45AE-BBC9-7883A2EA5A02}"
EndProject
Project("{9A19103F-16F7-4668-BE54-9A1E7A4F7556}") = "02. Shopping List", "..\Exams - Test\02. Shopping List\02. Shopping List.csproj", "{F5CF77AB-76AE-4831-8BF2-C6ECED43A6AC}"
EndProject
Global
	GlobalSection(SolutionConfigurationPlatforms) = preSolution
		Debug|Any CPU = Debug|Any CPU
		Release|Any CPU = Release|Any CPU
	EndGlobalSection
	GlobalSection(ProjectConfigurationPlatforms) = postSolution
		{420CEEE7-D782-45AE-BBC9-7883A2EA5A02}.Debug|Any CPU.ActiveCfg = Debug|Any CPU
		{420CEEE7-D782-45AE-BBC9-7883A2EA5A02}.Debug|Any CPU.Build.0 = Debug|Any CPU
		{420CEEE7-D782-45AE-BBC9-7883A2EA5A02}.Release|Any CPU.ActiveCfg = Release|Any CPU
		{420CEEE7-D782-45AE-BBC9-7883A2EA5A02}.Release|Any CPU.Build.0 = Release|Any CPU
		{F5CF77AB-76AE-4831-8BF2-C6ECED43A6AC}.Debug|Any CPU.ActiveCfg = Debug|Any CPU
		{F5CF77AB-76AE-4831-8BF2-C6ECED43A6AC}.Debug|Any CPU.Build.0 = Debug|Any CPU
		{F5CF77AB-76AE-4831-8BF2-C6ECED43A6AC}.Release|Any CPU.ActiveCfg = Release|Any CPU
		{F5CF77AB-76AE-4831-8BF2-C6ECED43A6AC}.Release|Any CPU.Build.0 = Release|Any CPU
	EndGlobalSection
	GlobalSection(SolutionProperties) = preSolution
		HideSolutionNode = FALSE
	EndGlobalSection
	GlobalSection(ExtensibilityGlobals) = postSolution
		SolutionGuid = {D60D2BB1-7AD3-4C61-955D-235C85B8F25F}
	EndGlobalSection
EndGlobal
