
Microsoft Visual Studio Solution File, Format Version 12.00
# Visual Studio Version 17
VisualStudioVersion = 17.3.32819.101
MinimumVisualStudioVersion = 10.0.40219.1
Project("{9A19103F-16F7-4668-BE54-9A1E7A4F7556}") = "01. Train", "01. Train.csproj", "{A0F83260-A6E1-40F3-9737-0B13D7CFF4BE}"
EndProject
Global
	GlobalSection(SolutionConfigurationPlatforms) = preSolution
		Debug|Any CPU = Debug|Any CPU
		Release|Any CPU = Release|Any CPU
	EndGlobalSection
	GlobalSection(ProjectConfigurationPlatforms) = postSolution
		{A0F83260-A6E1-40F3-9737-0B13D7CFF4BE}.Debug|Any CPU.ActiveCfg = Debug|Any CPU
		{A0F83260-A6E1-40F3-9737-0B13D7CFF4BE}.Debug|Any CPU.Build.0 = Debug|Any CPU
		{A0F83260-A6E1-40F3-9737-0B13D7CFF4BE}.Release|Any CPU.ActiveCfg = Release|Any CPU
		{A0F83260-A6E1-40F3-9737-0B13D7CFF4BE}.Release|Any CPU.Build.0 = Release|Any CPU
	EndGlobalSection
	GlobalSection(SolutionProperties) = preSolution
		HideSolutionNode = FALSE
	EndGlobalSection
	GlobalSection(ExtensibilityGlobals) = postSolution
		SolutionGuid = {79166F7F-38E2-47ED-8941-651A1D5A9688}
	EndGlobalSection
EndGlobal
