
Microsoft Visual Studio Solution File, Format Version 12.00
# Visual Studio Version 17
VisualStudioVersion = 17.3.32819.101
MinimumVisualStudioVersion = 10.0.40219.1
Project("{FAE04EC0-301F-11D3-BF4B-00C04F79EFBC}") = "Web Project in SoftUni", "Web Project in SoftUni\Web Project in SoftUni.csproj", "{9F1DD2E7-5258-4276-83CA-6371F7E82417}"
EndProject
Global
	GlobalSection(SolutionConfigurationPlatforms) = preSolution
		Debug|Any CPU = Debug|Any CPU
		Release|Any CPU = Release|Any CPU
	EndGlobalSection
	GlobalSection(ProjectConfigurationPlatforms) = postSolution
		{9F1DD2E7-5258-4276-83CA-6371F7E82417}.Debug|Any CPU.ActiveCfg = Debug|Any CPU
		{9F1DD2E7-5258-4276-83CA-6371F7E82417}.Debug|Any CPU.Build.0 = Debug|Any CPU
		{9F1DD2E7-5258-4276-83CA-6371F7E82417}.Release|Any CPU.ActiveCfg = Release|Any CPU
		{9F1DD2E7-5258-4276-83CA-6371F7E82417}.Release|Any CPU.Build.0 = Release|Any CPU
	EndGlobalSection
	GlobalSection(SolutionProperties) = preSolution
		HideSolutionNode = FALSE
	EndGlobalSection
	GlobalSection(ExtensibilityGlobals) = postSolution
		SolutionGuid = {3DF65013-1282-4380-AA11-141BA90264D4}
	EndGlobalSection
EndGlobal
