
Microsoft Visual Studio Solution File, Format Version 12.00
# Visual Studio Version 17
VisualStudioVersion = 17.3.32819.101
MinimumVisualStudioVersion = 10.0.40219.1
Project("{9A19103F-16F7-4668-BE54-9A1E7A4F7556}") = "01. Valid Usernames", "01. Valid Usernames\01. Valid Usernames.csproj", "{697F3EBA-4FE0-422E-801E-D16935F8EC6D}"
EndProject
Project("{FAE04EC0-301F-11D3-BF4B-00C04F79EFBC}") = "02. Character Multiplier", "..\02. Character Multiplier\02. Character Multiplier.csproj", "{65F0350C-4D9C-4B38-B553-1F106ED272E2}"
EndProject
Project("{FAE04EC0-301F-11D3-BF4B-00C04F79EFBC}") = "03. Extract File", "..\03. Extract File\03. Extract File.csproj", "{E1B621C8-2781-4B43-B8D6-DDF56A3BF172}"
EndProject
Global
	GlobalSection(SolutionConfigurationPlatforms) = preSolution
		Debug|Any CPU = Debug|Any CPU
		Release|Any CPU = Release|Any CPU
	EndGlobalSection
	GlobalSection(ProjectConfigurationPlatforms) = postSolution
		{697F3EBA-4FE0-422E-801E-D16935F8EC6D}.Debug|Any CPU.ActiveCfg = Debug|Any CPU
		{697F3EBA-4FE0-422E-801E-D16935F8EC6D}.Debug|Any CPU.Build.0 = Debug|Any CPU
		{697F3EBA-4FE0-422E-801E-D16935F8EC6D}.Release|Any CPU.ActiveCfg = Release|Any CPU
		{697F3EBA-4FE0-422E-801E-D16935F8EC6D}.Release|Any CPU.Build.0 = Release|Any CPU
		{65F0350C-4D9C-4B38-B553-1F106ED272E2}.Debug|Any CPU.ActiveCfg = Debug|Any CPU
		{65F0350C-4D9C-4B38-B553-1F106ED272E2}.Debug|Any CPU.Build.0 = Debug|Any CPU
		{65F0350C-4D9C-4B38-B553-1F106ED272E2}.Release|Any CPU.ActiveCfg = Release|Any CPU
		{65F0350C-4D9C-4B38-B553-1F106ED272E2}.Release|Any CPU.Build.0 = Release|Any CPU
		{E1B621C8-2781-4B43-B8D6-DDF56A3BF172}.Debug|Any CPU.ActiveCfg = Debug|Any CPU
		{E1B621C8-2781-4B43-B8D6-DDF56A3BF172}.Debug|Any CPU.Build.0 = Debug|Any CPU
		{E1B621C8-2781-4B43-B8D6-DDF56A3BF172}.Release|Any CPU.ActiveCfg = Release|Any CPU
		{E1B621C8-2781-4B43-B8D6-DDF56A3BF172}.Release|Any CPU.Build.0 = Release|Any CPU
	EndGlobalSection
	GlobalSection(SolutionProperties) = preSolution
		HideSolutionNode = FALSE
	EndGlobalSection
	GlobalSection(ExtensibilityGlobals) = postSolution
		SolutionGuid = {E28E8D13-247C-4A91-9181-AFF1BA61A951}
	EndGlobalSection
EndGlobal
