
Microsoft Visual Studio Solution File, Format Version 12.00
# Visual Studio Version 17
VisualStudioVersion = 17.3.32819.101
MinimumVisualStudioVersion = 10.0.40219.1
Project("{FAE04EC0-301F-11D3-BF4B-00C04F79EFBC}") = "07. Company Users", "07. Company Users\07. Company Users.csproj", "{6078434C-9A0F-48D1-AF75-F01A104C8444}"
EndProject
Global
	GlobalSection(SolutionConfigurationPlatforms) = preSolution
		Debug|Any CPU = Debug|Any CPU
		Release|Any CPU = Release|Any CPU
	EndGlobalSection
	GlobalSection(ProjectConfigurationPlatforms) = postSolution
		{6078434C-9A0F-48D1-AF75-F01A104C8444}.Debug|Any CPU.ActiveCfg = Debug|Any CPU
		{6078434C-9A0F-48D1-AF75-F01A104C8444}.Debug|Any CPU.Build.0 = Debug|Any CPU
		{6078434C-9A0F-48D1-AF75-F01A104C8444}.Release|Any CPU.ActiveCfg = Release|Any CPU
		{6078434C-9A0F-48D1-AF75-F01A104C8444}.Release|Any CPU.Build.0 = Release|Any CPU
	EndGlobalSection
	GlobalSection(SolutionProperties) = preSolution
		HideSolutionNode = FALSE
	EndGlobalSection
	GlobalSection(ExtensibilityGlobals) = postSolution
		SolutionGuid = {5F808095-6D5C-4390-850C-824E609153CE}
	EndGlobalSection
EndGlobal
